// !$*UTF8*$!
{
	archiveVersion = 1;
	classes = {
	};
	objectVersion = 56;
	objects = {

/* Begin PBXBuildFile section */
		C832A2A82C0EEFC0007EA2A2 /* VinobleApp.swift in Sources */ = {isa = PBXBuildFile; fileRef = C832A2A72C0EEFC0007EA2A2 /* VinobleApp.swift */; };
		C832A2AA2C0EEFC0007EA2A2 /* MainView.swift in Sources */ = {isa = PBXBuildFile; fileRef = C832A2A92C0EEFC0007EA2A2 /* MainView.swift */; };
		C832A2AC2C0EEFC1007EA2A2 /* Assets.xcassets in Resources */ = {isa = PBXBuildFile; fileRef = C832A2AB2C0EEFC1007EA2A2 /* Assets.xcassets */; };
		C832A2AF2C0EEFC1007EA2A2 /* Preview Assets.xcassets in Resources */ = {isa = PBXBuildFile; fileRef = C832A2AE2C0EEFC1007EA2A2 /* Preview Assets.xcassets */; };
		C832A2B72C0EF0B1007EA2A2 /* Test.swift in Sources */ = {isa = PBXBuildFile; fileRef = C832A2B62C0EF0B1007EA2A2 /* Test.swift */; };
		C832A2BA2C0EF2BA007EA2A2 /* ComposableArchitecture in Frameworks */ = {isa = PBXBuildFile; productRef = C832A2B92C0EF2BA007EA2A2 /* ComposableArchitecture */; };
		C85BF5322C130328005E548C /* MainLogin.swift in Sources */ = {isa = PBXBuildFile; fileRef = C85BF5312C130328005E548C /* MainLogin.swift */; };
		C85BF5362C13037B005E548C /* SplashView.swift in Sources */ = {isa = PBXBuildFile; fileRef = C85BF5352C13037B005E548C /* SplashView.swift */; };
		C85BF5392C13058A005E548C /* ProductView.swift in Sources */ = {isa = PBXBuildFile; fileRef = C85BF5382C13058A005E548C /* ProductView.swift */; };
		C86B200E2C14247A0061663A /* ProductTCA.swift in Sources */ = {isa = PBXBuildFile; fileRef = C86B200D2C14247A0061663A /* ProductTCA.swift */; };
		C891DB092C155BF200DF4673 /* ShareColor.swift in Sources */ = {isa = PBXBuildFile; fileRef = C891DB082C155BF200DF4673 /* ShareColor.swift */; };
		C8B7BF602C13EFFB00003C99 /* WishListView.swift in Sources */ = {isa = PBXBuildFile; fileRef = C8B7BF5F2C13EFFB00003C99 /* WishListView.swift */; };
		C8B7BF662C13F2E600003C99 /* MainTabView.swift in Sources */ = {isa = PBXBuildFile; fileRef = C8B7BF652C13F2E600003C99 /* MainTabView.swift */; };
		C8B7BF682C13F5C800003C99 /* Second4Test.swift in Sources */ = {isa = PBXBuildFile; fileRef = C8B7BF672C13F5C800003C99 /* Second4Test.swift */; };
/* End PBXBuildFile section */

/* Begin PBXFileReference section */
		C832A2A42C0EEFC0007EA2A2 /* Vinoble.app */ = {isa = PBXFileReference; explicitFileType = wrapper.application; includeInIndex = 0; path = Vinoble.app; sourceTree = BUILT_PRODUCTS_DIR; };
		C832A2A72C0EEFC0007EA2A2 /* VinobleApp.swift */ = {isa = PBXFileReference; lastKnownFileType = sourcecode.swift; path = VinobleApp.swift; sourceTree = "<group>"; };
		C832A2A92C0EEFC0007EA2A2 /* MainView.swift */ = {isa = PBXFileReference; lastKnownFileType = sourcecode.swift; path = MainView.swift; sourceTree = "<group>"; };
		C832A2AB2C0EEFC1007EA2A2 /* Assets.xcassets */ = {isa = PBXFileReference; lastKnownFileType = folder.assetcatalog; path = Assets.xcassets; sourceTree = "<group>"; };
		C832A2AE2C0EEFC1007EA2A2 /* Preview Assets.xcassets */ = {isa = PBXFileReference; lastKnownFileType = folder.assetcatalog; path = "Preview Assets.xcassets"; sourceTree = "<group>"; };
		C832A2B62C0EF0B1007EA2A2 /* Test.swift */ = {isa = PBXFileReference; lastKnownFileType = sourcecode.swift; path = Test.swift; sourceTree = "<group>"; };
		C85BF5312C130328005E548C /* MainLogin.swift */ = {isa = PBXFileReference; lastKnownFileType = sourcecode.swift; path = MainLogin.swift; sourceTree = "<group>"; };
		C85BF5352C13037B005E548C /* SplashView.swift */ = {isa = PBXFileReference; lastKnownFileType = sourcecode.swift; path = SplashView.swift; sourceTree = "<group>"; };
		C85BF5382C13058A005E548C /* ProductView.swift */ = {isa = PBXFileReference; lastKnownFileType = sourcecode.swift; path = ProductView.swift; sourceTree = "<group>"; };
		C86B200D2C14247A0061663A /* ProductTCA.swift */ = {isa = PBXFileReference; lastKnownFileType = sourcecode.swift; path = ProductTCA.swift; sourceTree = "<group>"; };
		C891DB082C155BF200DF4673 /* ShareColor.swift */ = {isa = PBXFileReference; lastKnownFileType = sourcecode.swift; path = ShareColor.swift; sourceTree = "<group>"; };
		C8B7BF5F2C13EFFB00003C99 /* WishListView.swift */ = {isa = PBXFileReference; lastKnownFileType = sourcecode.swift; path = WishListView.swift; sourceTree = "<group>"; };
		C8B7BF652C13F2E600003C99 /* MainTabView.swift */ = {isa = PBXFileReference; lastKnownFileType = sourcecode.swift; path = MainTabView.swift; sourceTree = "<group>"; };
		C8B7BF672C13F5C800003C99 /* Second4Test.swift */ = {isa = PBXFileReference; lastKnownFileType = sourcecode.swift; path = Second4Test.swift; sourceTree = "<group>"; };
/* End PBXFileReference section */

/* Begin PBXFrameworksBuildPhase section */
		C832A2A12C0EEFC0007EA2A2 /* Frameworks */ = {
			isa = PBXFrameworksBuildPhase;
			buildActionMask = 2147483647;
			files = (
				C832A2BA2C0EF2BA007EA2A2 /* ComposableArchitecture in Frameworks */,
			);
			runOnlyForDeploymentPostprocessing = 0;
		};
/* End PBXFrameworksBuildPhase section */

/* Begin PBXGroup section */
		C832A29B2C0EEFC0007EA2A2 = {
			isa = PBXGroup;
			children = (
				C86B200F2C1428E70061663A /* Model */,
				C832A2B52C0EEFD8007EA2A2 /* TCA */,
				C832A2A62C0EEFC0007EA2A2 /* Vinoble */,
				C832A2A52C0EEFC0007EA2A2 /* Products */,
			);
			sourceTree = "<group>";
		};
		C832A2A52C0EEFC0007EA2A2 /* Products */ = {
			isa = PBXGroup;
			children = (
				C832A2A42C0EEFC0007EA2A2 /* Vinoble.app */,
			);
			name = Products;
			sourceTree = "<group>";
		};
		C832A2A62C0EEFC0007EA2A2 /* Vinoble */ = {
			isa = PBXGroup;
			children = (
				C8B7BF642C13F2D100003C99 /* TabView */,
				C8B7BF5E2C13EFEE00003C99 /* WishList */,
				C85BF5372C130579005E548C /* Product */,
				C832A2A72C0EEFC0007EA2A2 /* VinobleApp.swift */,
				C832A2A92C0EEFC0007EA2A2 /* MainView.swift */,
				C832A2AB2C0EEFC1007EA2A2 /* Assets.xcassets */,
				C832A2AD2C0EEFC1007EA2A2 /* Preview Content */,
				C85BF5312C130328005E548C /* MainLogin.swift */,
				C85BF5352C13037B005E548C /* SplashView.swift */,
			);
			path = Vinoble;
			sourceTree = "<group>";
		};
		C832A2AD2C0EEFC1007EA2A2 /* Preview Content */ = {
			isa = PBXGroup;
			children = (
				C832A2AE2C0EEFC1007EA2A2 /* Preview Assets.xcassets */,
			);
			path = "Preview Content";
			sourceTree = "<group>";
		};
		C832A2B52C0EEFD8007EA2A2 /* TCA */ = {
			isa = PBXGroup;
			children = (
				C832A2B62C0EF0B1007EA2A2 /* Test.swift */,
				C86B200D2C14247A0061663A /* ProductTCA.swift */,
			);
			path = TCA;
			sourceTree = "<group>";
		};
		C85BF5372C130579005E548C /* Product */ = {
			isa = PBXGroup;
			children = (
				C85BF5382C13058A005E548C /* ProductView.swift */,
			);
			path = Product;
			sourceTree = "<group>";
		};
		C86B200F2C1428E70061663A /* Model */ = {
			isa = PBXGroup;
			children = (
				C891DB082C155BF200DF4673 /* ShareColor.swift */,
			);
			path = Model;
			sourceTree = "<group>";
		};
		C8B7BF5E2C13EFEE00003C99 /* WishList */ = {
			isa = PBXGroup;
			children = (
				C8B7BF5F2C13EFFB00003C99 /* WishListView.swift */,
			);
			path = WishList;
			sourceTree = "<group>";
		};
		C8B7BF642C13F2D100003C99 /* TabView */ = {
			isa = PBXGroup;
			children = (
				C8B7BF652C13F2E600003C99 /* MainTabView.swift */,
				C8B7BF672C13F5C800003C99 /* Second4Test.swift */,
			);
			path = TabView;
			sourceTree = "<group>";
		};
/* End PBXGroup section */

/* Begin PBXNativeTarget section */
		C832A2A32C0EEFC0007EA2A2 /* Vinoble */ = {
			isa = PBXNativeTarget;
			buildConfigurationList = C832A2B22C0EEFC1007EA2A2 /* Build configuration list for PBXNativeTarget "Vinoble" */;
			buildPhases = (
				C832A2A02C0EEFC0007EA2A2 /* Sources */,
				C832A2A12C0EEFC0007EA2A2 /* Frameworks */,
				C832A2A22C0EEFC0007EA2A2 /* Resources */,
			);
			buildRules = (
			);
			dependencies = (
			);
			name = Vinoble;
			packageProductDependencies = (
				C832A2B92C0EF2BA007EA2A2 /* ComposableArchitecture */,
			);
			productName = Vinoble;
			productReference = C832A2A42C0EEFC0007EA2A2 /* Vinoble.app */;
			productType = "com.apple.product-type.application";
		};
/* End PBXNativeTarget section */

/* Begin PBXProject section */
		C832A29C2C0EEFC0007EA2A2 /* Project object */ = {
			isa = PBXProject;
			attributes = {
				BuildIndependentTargetsInParallel = 1;
				LastSwiftUpdateCheck = 1540;
				LastUpgradeCheck = 1540;
				TargetAttributes = {
					C832A2A32C0EEFC0007EA2A2 = {
						CreatedOnToolsVersion = 15.4;
					};
				};
			};
			buildConfigurationList = C832A29F2C0EEFC0007EA2A2 /* Build configuration list for PBXProject "Vinoble" */;
			compatibilityVersion = "Xcode 14.0";
			developmentRegion = en;
			hasScannedForEncodings = 0;
			knownRegions = (
				en,
				Base,
			);
			mainGroup = C832A29B2C0EEFC0007EA2A2;
			packageReferences = (
				C832A2B82C0EF2BA007EA2A2 /* XCRemoteSwiftPackageReference "swift-composable-architecture" */,
			);
			productRefGroup = C832A2A52C0EEFC0007EA2A2 /* Products */;
			projectDirPath = "";
			projectRoot = "";
			targets = (
				C832A2A32C0EEFC0007EA2A2 /* Vinoble */,
			);
		};
/* End PBXProject section */

/* Begin PBXResourcesBuildPhase section */
		C832A2A22C0EEFC0007EA2A2 /* Resources */ = {
			isa = PBXResourcesBuildPhase;
			buildActionMask = 2147483647;
			files = (
				C832A2AF2C0EEFC1007EA2A2 /* Preview Assets.xcassets in Resources */,
				C832A2AC2C0EEFC1007EA2A2 /* Assets.xcassets in Resources */,
			);
			runOnlyForDeploymentPostprocessing = 0;
		};
/* End PBXResourcesBuildPhase section */

/* Begin PBXSourcesBuildPhase section */
		C832A2A02C0EEFC0007EA2A2 /* Sources */ = {
			isa = PBXSourcesBuildPhase;
			buildActionMask = 2147483647;
			files = (
				C8B7BF682C13F5C800003C99 /* Second4Test.swift in Sources */,
				C85BF5322C130328005E548C /* MainLogin.swift in Sources */,
				C832A2AA2C0EEFC0007EA2A2 /* MainView.swift in Sources */,
				C85BF5362C13037B005E548C /* SplashView.swift in Sources */,
				C891DB092C155BF200DF4673 /* ShareColor.swift in Sources */,
				C832A2A82C0EEFC0007EA2A2 /* VinobleApp.swift in Sources */,
				C85BF5392C13058A005E548C /* ProductView.swift in Sources */,
				C832A2B72C0EF0B1007EA2A2 /* Test.swift in Sources */,
				C86B200E2C14247A0061663A /* ProductTCA.swift in Sources */,
				C8B7BF602C13EFFB00003C99 /* WishListView.swift in Sources */,
				C8B7BF662C13F2E600003C99 /* MainTabView.swift in Sources */,
			);
			runOnlyForDeploymentPostprocessing = 0;
		};
/* End PBXSourcesBuildPhase section */

/* Begin XCBuildConfiguration section */
		C832A2B02C0EEFC1007EA2A2 /* Debug */ = {
			isa = XCBuildConfiguration;
			buildSettings = {
				ALWAYS_SEARCH_USER_PATHS = NO;
				ASSETCATALOG_COMPILER_GENERATE_SWIFT_ASSET_SYMBOL_EXTENSIONS = YES;
				CLANG_ANALYZER_NONNULL = YES;
				CLANG_ANALYZER_NUMBER_OBJECT_CONVERSION = YES_AGGRESSIVE;
				CLANG_CXX_LANGUAGE_STANDARD = "gnu++20";
				CLANG_ENABLE_MODULES = YES;
				CLANG_ENABLE_OBJC_ARC = YES;
				CLANG_ENABLE_OBJC_WEAK = YES;
				CLANG_WARN_BLOCK_CAPTURE_AUTORELEASING = YES;
				CLANG_WARN_BOOL_CONVERSION = YES;
				CLANG_WARN_COMMA = YES;
				CLANG_WARN_CONSTANT_CONVERSION = YES;
				CLANG_WARN_DEPRECATED_OBJC_IMPLEMENTATIONS = YES;
				CLANG_WARN_DIRECT_OBJC_ISA_USAGE = YES_ERROR;
				CLANG_WARN_DOCUMENTATION_COMMENTS = YES;
				CLANG_WARN_EMPTY_BODY = YES;
				CLANG_WARN_ENUM_CONVERSION = YES;
				CLANG_WARN_INFINITE_RECURSION = YES;
				CLANG_WARN_INT_CONVERSION = YES;
				CLANG_WARN_NON_LITERAL_NULL_CONVERSION = YES;
				CLANG_WARN_OBJC_IMPLICIT_RETAIN_SELF = YES;
				CLANG_WARN_OBJC_LITERAL_CONVERSION = YES;
				CLANG_WARN_OBJC_ROOT_CLASS = YES_ERROR;
				CLANG_WARN_QUOTED_INCLUDE_IN_FRAMEWORK_HEADER = YES;
				CLANG_WARN_RANGE_LOOP_ANALYSIS = YES;
				CLANG_WARN_STRICT_PROTOTYPES = YES;
				CLANG_WARN_SUSPICIOUS_MOVE = YES;
				CLANG_WARN_UNGUARDED_AVAILABILITY = YES_AGGRESSIVE;
				CLANG_WARN_UNREACHABLE_CODE = YES;
				CLANG_WARN__DUPLICATE_METHOD_MATCH = YES;
				COPY_PHASE_STRIP = NO;
				DEBUG_INFORMATION_FORMAT = dwarf;
				ENABLE_STRICT_OBJC_MSGSEND = YES;
				ENABLE_TESTABILITY = YES;
				ENABLE_USER_SCRIPT_SANDBOXING = YES;
				GCC_C_LANGUAGE_STANDARD = gnu17;
				GCC_DYNAMIC_NO_PIC = NO;
				GCC_NO_COMMON_BLOCKS = YES;
				GCC_OPTIMIZATION_LEVEL = 0;
				GCC_PREPROCESSOR_DEFINITIONS = (
					"DEBUG=1",
					"$(inherited)",
				);
				GCC_WARN_64_TO_32_BIT_CONVERSION = YES;
				GCC_WARN_ABOUT_RETURN_TYPE = YES_ERROR;
				GCC_WARN_UNDECLARED_SELECTOR = YES;
				GCC_WARN_UNINITIALIZED_AUTOS = YES_AGGRESSIVE;
				GCC_WARN_UNUSED_FUNCTION = YES;
				GCC_WARN_UNUSED_VARIABLE = YES;
				IPHONEOS_DEPLOYMENT_TARGET = 17.5;
				LOCALIZATION_PREFERS_STRING_CATALOGS = YES;
				MTL_ENABLE_DEBUG_INFO = INCLUDE_SOURCE;
				MTL_FAST_MATH = YES;
				ONLY_ACTIVE_ARCH = YES;
				SDKROOT = iphoneos;
				SWIFT_ACTIVE_COMPILATION_CONDITIONS = "DEBUG $(inherited)";
				SWIFT_OPTIMIZATION_LEVEL = "-Onone";
			};
			name = Debug;
		};
		C832A2B12C0EEFC1007EA2A2 /* Release */ = {
			isa = XCBuildConfiguration;
			buildSettings = {
				ALWAYS_SEARCH_USER_PATHS = NO;
				ASSETCATALOG_COMPILER_GENERATE_SWIFT_ASSET_SYMBOL_EXTENSIONS = YES;
				CLANG_ANALYZER_NONNULL = YES;
				CLANG_ANALYZER_NUMBER_OBJECT_CONVERSION = YES_AGGRESSIVE;
				CLANG_CXX_LANGUAGE_STANDARD = "gnu++20";
				CLANG_ENABLE_MODULES = YES;
				CLANG_ENABLE_OBJC_ARC = YES;
				CLANG_ENABLE_OBJC_WEAK = YES;
				CLANG_WARN_BLOCK_CAPTURE_AUTORELEASING = YES;
				CLANG_WARN_BOOL_CONVERSION = YES;
				CLANG_WARN_COMMA = YES;
				CLANG_WARN_CONSTANT_CONVERSION = YES;
				CLANG_WARN_DEPRECATED_OBJC_IMPLEMENTATIONS = YES;
				CLANG_WARN_DIRECT_OBJC_ISA_USAGE = YES_ERROR;
				CLANG_WARN_DOCUMENTATION_COMMENTS = YES;
				CLANG_WARN_EMPTY_BODY = YES;
				CLANG_WARN_ENUM_CONVERSION = YES;
				CLANG_WARN_INFINITE_RECURSION = YES;
				CLANG_WARN_INT_CONVERSION = YES;
				CLANG_WARN_NON_LITERAL_NULL_CONVERSION = YES;
				CLANG_WARN_OBJC_IMPLICIT_RETAIN_SELF = YES;
				CLANG_WARN_OBJC_LITERAL_CONVERSION = YES;
				CLANG_WARN_OBJC_ROOT_CLASS = YES_ERROR;
				CLANG_WARN_QUOTED_INCLUDE_IN_FRAMEWORK_HEADER = YES;
				CLANG_WARN_RANGE_LOOP_ANALYSIS = YES;
				CLANG_WARN_STRICT_PROTOTYPES = YES;
				CLANG_WARN_SUSPICIOUS_MOVE = YES;
				CLANG_WARN_UNGUARDED_AVAILABILITY = YES_AGGRESSIVE;
				CLANG_WARN_UNREACHABLE_CODE = YES;
				CLANG_WARN__DUPLICATE_METHOD_MATCH = YES;
				COPY_PHASE_STRIP = NO;
				DEBUG_INFORMATION_FORMAT = "dwarf-with-dsym";
				ENABLE_NS_ASSERTIONS = NO;
				ENABLE_STRICT_OBJC_MSGSEND = YES;
				ENABLE_USER_SCRIPT_SANDBOXING = YES;
				GCC_C_LANGUAGE_STANDARD = gnu17;
				GCC_NO_COMMON_BLOCKS = YES;
				GCC_WARN_64_TO_32_BIT_CONVERSION = YES;
				GCC_WARN_ABOUT_RETURN_TYPE = YES_ERROR;
				GCC_WARN_UNDECLARED_SELECTOR = YES;
				GCC_WARN_UNINITIALIZED_AUTOS = YES_AGGRESSIVE;
				GCC_WARN_UNUSED_FUNCTION = YES;
				GCC_WARN_UNUSED_VARIABLE = YES;
				IPHONEOS_DEPLOYMENT_TARGET = 17.5;
				LOCALIZATION_PREFERS_STRING_CATALOGS = YES;
				MTL_ENABLE_DEBUG_INFO = NO;
				MTL_FAST_MATH = YES;
				SDKROOT = iphoneos;
				SWIFT_COMPILATION_MODE = wholemodule;
				VALIDATE_PRODUCT = YES;
			};
			name = Release;
		};
		C832A2B32C0EEFC1007EA2A2 /* Debug */ = {
			isa = XCBuildConfiguration;
			buildSettings = {
				ASSETCATALOG_COMPILER_APPICON_NAME = AppIcon;
				ASSETCATALOG_COMPILER_GLOBAL_ACCENT_COLOR_NAME = AccentColor;
				CODE_SIGN_STYLE = Automatic;
				CURRENT_PROJECT_VERSION = 1;
				DEVELOPMENT_ASSET_PATHS = "\"Vinoble/Preview Content\"";
				ENABLE_PREVIEWS = YES;
				GENERATE_INFOPLIST_FILE = YES;
				INFOPLIST_KEY_UIApplicationSceneManifest_Generation = YES;
				INFOPLIST_KEY_UIApplicationSupportsIndirectInputEvents = YES;
				INFOPLIST_KEY_UILaunchScreen_Generation = YES;
				INFOPLIST_KEY_UISupportedInterfaceOrientations_iPad = "UIInterfaceOrientationPortrait UIInterfaceOrientationPortraitUpsideDown UIInterfaceOrientationLandscapeLeft UIInterfaceOrientationLandscapeRight";
				INFOPLIST_KEY_UISupportedInterfaceOrientations_iPhone = "UIInterfaceOrientationPortrait UIInterfaceOrientationLandscapeLeft UIInterfaceOrientationLandscapeRight";
				LD_RUNPATH_SEARCH_PATHS = (
					"$(inherited)",
					"@executable_path/Frameworks",
				);
				MARKETING_VERSION = 1.0;
				PRODUCT_BUNDLE_IDENTIFIER = com.swift.Vinoble;
				PRODUCT_NAME = "$(TARGET_NAME)";
				SWIFT_EMIT_LOC_STRINGS = YES;
				SWIFT_VERSION = 5.0;
				TARGETED_DEVICE_FAMILY = "1,2";
			};
			name = Debug;
		};
		C832A2B42C0EEFC1007EA2A2 /* Release */ = {
			isa = XCBuildConfiguration;
			buildSettings = {
				ASSETCATALOG_COMPILER_APPICON_NAME = AppIcon;
				ASSETCATALOG_COMPILER_GLOBAL_ACCENT_COLOR_NAME = AccentColor;
				CODE_SIGN_STYLE = Automatic;
				CURRENT_PROJECT_VERSION = 1;
				DEVELOPMENT_ASSET_PATHS = "\"Vinoble/Preview Content\"";
				ENABLE_PREVIEWS = YES;
				GENERATE_INFOPLIST_FILE = YES;
				INFOPLIST_KEY_UIApplicationSceneManifest_Generation = YES;
				INFOPLIST_KEY_UIApplicationSupportsIndirectInputEvents = YES;
				INFOPLIST_KEY_UILaunchScreen_Generation = YES;
				INFOPLIST_KEY_UISupportedInterfaceOrientations_iPad = "UIInterfaceOrientationPortrait UIInterfaceOrientationPortraitUpsideDown UIInterfaceOrientationLandscapeLeft UIInterfaceOrientationLandscapeRight";
				INFOPLIST_KEY_UISupportedInterfaceOrientations_iPhone = "UIInterfaceOrientationPortrait UIInterfaceOrientationLandscapeLeft UIInterfaceOrientationLandscapeRight";
				LD_RUNPATH_SEARCH_PATHS = (
					"$(inherited)",
					"@executable_path/Frameworks",
				);
				MARKETING_VERSION = 1.0;
				PRODUCT_BUNDLE_IDENTIFIER = com.swift.Vinoble;
				PRODUCT_NAME = "$(TARGET_NAME)";
				SWIFT_EMIT_LOC_STRINGS = YES;
				SWIFT_VERSION = 5.0;
				TARGETED_DEVICE_FAMILY = "1,2";
			};
			name = Release;
		};
/* End XCBuildConfiguration section */

/* Begin XCConfigurationList section */
		C832A29F2C0EEFC0007EA2A2 /* Build configuration list for PBXProject "Vinoble" */ = {
			isa = XCConfigurationList;
			buildConfigurations = (
				C832A2B02C0EEFC1007EA2A2 /* Debug */,
				C832A2B12C0EEFC1007EA2A2 /* Release */,
			);
			defaultConfigurationIsVisible = 0;
			defaultConfigurationName = Release;
		};
		C832A2B22C0EEFC1007EA2A2 /* Build configuration list for PBXNativeTarget "Vinoble" */ = {
			isa = XCConfigurationList;
			buildConfigurations = (
				C832A2B32C0EEFC1007EA2A2 /* Debug */,
				C832A2B42C0EEFC1007EA2A2 /* Release */,
			);
			defaultConfigurationIsVisible = 0;
			defaultConfigurationName = Release;
		};
/* End XCConfigurationList section */

/* Begin XCRemoteSwiftPackageReference section */
		C832A2B82C0EF2BA007EA2A2 /* XCRemoteSwiftPackageReference "swift-composable-architecture" */ = {
			isa = XCRemoteSwiftPackageReference;
			repositoryURL = "https://github.com/pointfreeco/swift-composable-architecture";
			requirement = {
				kind = upToNextMajorVersion;
				minimumVersion = 1.10.4;
			};
		};
/* End XCRemoteSwiftPackageReference section */

/* Begin XCSwiftPackageProductDependency section */
		C832A2B92C0EF2BA007EA2A2 /* ComposableArchitecture */ = {
			isa = XCSwiftPackageProductDependency;
			package = C832A2B82C0EF2BA007EA2A2 /* XCRemoteSwiftPackageReference "swift-composable-architecture" */;
			productName = ComposableArchitecture;
		};
/* End XCSwiftPackageProductDependency section */
	};
	rootObject = C832A29C2C0EEFC0007EA2A2 /* Project object */;
}
